
Microsoft Visual Studio Solution File, Format Version 12.00
# Visual Studio Version 16
VisualStudioVersion = 16.0.31729.503
MinimumVisualStudioVersion = 10.0.40219.1
Project("{FAE04EC0-301F-11D3-BF4B-00C04F79EFBC}") = "Řízení aut", "Řízení aut\Řízení aut.csproj", "{D0288778-F4DA-4659-8D3F-631F08044B76}"
EndProject
Global
	GlobalSection(SolutionConfigurationPlatforms) = preSolution
		Debug|Any CPU = Debug|Any CPU
		Release|Any CPU = Release|Any CPU
	EndGlobalSection
	GlobalSection(ProjectConfigurationPlatforms) = postSolution
		{D0288778-F4DA-4659-8D3F-631F08044B76}.Debug|Any CPU.ActiveCfg = Debug|Any CPU
		{D0288778-F4DA-4659-8D3F-631F08044B76}.Debug|Any CPU.Build.0 = Debug|Any CPU
		{D0288778-F4DA-4659-8D3F-631F08044B76}.Release|Any CPU.ActiveCfg = Release|Any CPU
		{D0288778-F4DA-4659-8D3F-631F08044B76}.Release|Any CPU.Build.0 = Release|Any CPU
	EndGlobalSection
	GlobalSection(SolutionProperties) = preSolution
		HideSolutionNode = FALSE
	EndGlobalSection
	GlobalSection(ExtensibilityGlobals) = postSolution
		SolutionGuid = {DE90D333-4A1E-44AD-BB89-C263737E8B25}
	EndGlobalSection
EndGlobal
